// !$*UTF8*$!
{
	archiveVersion = 1;
	classes = {
	};
	objectVersion = 55;
	objects = {

/* Begin PBXBuildFile section */
		3E45F83B274B5370001A55CA /* main.cpp in Sources */ = {isa = PBXBuildFile; fileRef = 3E45F83A274B5370001A55CA /* main.cpp */; };
		3E45F841274B5392001A55CA /* BinomialTreeModel02.cpp in Sources */ = {isa = PBXBuildFile; fileRef = 3E45F83F274B5392001A55CA /* BinomialTreeModel02.cpp */; };
		3E45F844274B53BD001A55CA /* Option06.cpp in Sources */ = {isa = PBXBuildFile; fileRef = 3E45F842274B53BD001A55CA /* Option06.cpp */; };
		3E45F84C274B62A2001A55CA /* main.cpp in Sources */ = {isa = PBXBuildFile; fileRef = 3E45F84B274B62A2001A55CA /* main.cpp */; };
		3E45F857274B6413001A55CA /* main.cpp in Sources */ = {isa = PBXBuildFile; fileRef = 3E45F856274B6413001A55CA /* main.cpp */; };
/* End PBXBuildFile section */

/* Begin PBXCopyFilesBuildPhase section */
		3E45F828274B5321001A55CA /* CopyFiles */ = {
			isa = PBXCopyFilesBuildPhase;
			buildActionMask = 2147483647;
			dstPath = /usr/share/man/man1/;
			dstSubfolderSpec = 0;
			files = (
			);
			runOnlyForDeploymentPostprocessing = 1;
		};
		3E45F836274B5370001A55CA /* CopyFiles */ = {
			isa = PBXCopyFilesBuildPhase;
			buildActionMask = 2147483647;
			dstPath = /usr/share/man/man1/;
			dstSubfolderSpec = 0;
			files = (
			);
			runOnlyForDeploymentPostprocessing = 1;
		};
		3E45F847274B62A2001A55CA /* CopyFiles */ = {
			isa = PBXCopyFilesBuildPhase;
			buildActionMask = 2147483647;
			dstPath = /usr/share/man/man1/;
			dstSubfolderSpec = 0;
			files = (
			);
			runOnlyForDeploymentPostprocessing = 1;
		};
		3E45F852274B6413001A55CA /* CopyFiles */ = {
			isa = PBXCopyFilesBuildPhase;
			buildActionMask = 2147483647;
			dstPath = /usr/share/man/man1/;
			dstSubfolderSpec = 0;
			files = (
			);
			runOnlyForDeploymentPostprocessing = 1;
		};
/* End PBXCopyFilesBuildPhase section */

/* Begin PBXFileReference section */
		3E45F82A274B5321001A55CA /* Topic5_ClassNotes_Mac */ = {isa = PBXFileReference; explicitFileType = "compiled.mach-o.executable"; includeInIndex = 0; path = Topic5_ClassNotes_Mac; sourceTree = BUILT_PRODUCTS_DIR; };
		3E45F838274B5370001A55CA /* OptionPrice06 */ = {isa = PBXFileReference; explicitFileType = "compiled.mach-o.executable"; includeInIndex = 0; path = OptionPrice06; sourceTree = BUILT_PRODUCTS_DIR; };
		3E45F83A274B5370001A55CA /* main.cpp */ = {isa = PBXFileReference; lastKnownFileType = sourcecode.cpp.cpp; path = main.cpp; sourceTree = "<group>"; };
		3E45F83F274B5392001A55CA /* BinomialTreeModel02.cpp */ = {isa = PBXFileReference; lastKnownFileType = sourcecode.cpp.cpp; path = BinomialTreeModel02.cpp; sourceTree = "<group>"; };
		3E45F840274B5392001A55CA /* BinomialTreeModel02.hpp */ = {isa = PBXFileReference; lastKnownFileType = sourcecode.cpp.h; path = BinomialTreeModel02.hpp; sourceTree = "<group>"; };
		3E45F842274B53BD001A55CA /* Option06.cpp */ = {isa = PBXFileReference; lastKnownFileType = sourcecode.cpp.cpp; path = Option06.cpp; sourceTree = "<group>"; };
		3E45F843274B53BD001A55CA /* Option06.hpp */ = {isa = PBXFileReference; lastKnownFileType = sourcecode.cpp.h; path = Option06.hpp; sourceTree = "<group>"; };
		3E45F849274B62A2001A55CA /* iterator */ = {isa = PBXFileReference; explicitFileType = "compiled.mach-o.executable"; includeInIndex = 0; path = iterator; sourceTree = BUILT_PRODUCTS_DIR; };
		3E45F84B274B62A2001A55CA /* main.cpp */ = {isa = PBXFileReference; lastKnownFileType = sourcecode.cpp.cpp; path = main.cpp; sourceTree = "<group>"; };
		3E45F854274B6413001A55CA /* Map_Iterator */ = {isa = PBXFileReference; explicitFileType = "compiled.mach-o.executable"; includeInIndex = 0; path = Map_Iterator; sourceTree = BUILT_PRODUCTS_DIR; };
		3E45F856274B6413001A55CA /* main.cpp */ = {isa = PBXFileReference; lastKnownFileType = sourcecode.cpp.cpp; path = main.cpp; sourceTree = "<group>"; };
/* End PBXFileReference section */

/* Begin PBXFrameworksBuildPhase section */
		3E45F827274B5321001A55CA /* Frameworks */ = {
			isa = PBXFrameworksBuildPhase;
			buildActionMask = 2147483647;
			files = (
			);
			runOnlyForDeploymentPostprocessing = 0;
		};
		3E45F835274B5370001A55CA /* Frameworks */ = {
			isa = PBXFrameworksBuildPhase;
			buildActionMask = 2147483647;
			files = (
			);
			runOnlyForDeploymentPostprocessing = 0;
		};
		3E45F846274B62A2001A55CA /* Frameworks */ = {
			isa = PBXFrameworksBuildPhase;
			buildActionMask = 2147483647;
			files = (
			);
			runOnlyForDeploymentPostprocessing = 0;
		};
		3E45F851274B6413001A55CA /* Frameworks */ = {
			isa = PBXFrameworksBuildPhase;
			buildActionMask = 2147483647;
			files = (
			);
			runOnlyForDeploymentPostprocessing = 0;
		};
/* End PBXFrameworksBuildPhase section */

/* Begin PBXGroup section */
		3E45F821274B5321001A55CA = {
			isa = PBXGroup;
			children = (
				3E45F839274B5370001A55CA /* OptionPrice06 */,
				3E45F84A274B62A2001A55CA /* List_Iterator */,
				3E45F855274B6413001A55CA /* Map_Iterator */,
				3E45F82B274B5321001A55CA /* Products */,
			);
			sourceTree = "<group>";
		};
		3E45F82B274B5321001A55CA /* Products */ = {
			isa = PBXGroup;
			children = (
				3E45F82A274B5321001A55CA /* Topic5_ClassNotes_Mac */,
				3E45F838274B5370001A55CA /* OptionPrice06 */,
				3E45F849274B62A2001A55CA /* iterator */,
				3E45F854274B6413001A55CA /* Map_Iterator */,
			);
			name = Products;
			sourceTree = "<group>";
		};
		3E45F839274B5370001A55CA /* OptionPrice06 */ = {
			isa = PBXGroup;
			children = (
				3E45F83A274B5370001A55CA /* main.cpp */,
				3E45F83F274B5392001A55CA /* BinomialTreeModel02.cpp */,
				3E45F840274B5392001A55CA /* BinomialTreeModel02.hpp */,
				3E45F842274B53BD001A55CA /* Option06.cpp */,
				3E45F843274B53BD001A55CA /* Option06.hpp */,
			);
			path = OptionPrice06;
			sourceTree = "<group>";
		};
		3E45F84A274B62A2001A55CA /* List_Iterator */ = {
			isa = PBXGroup;
			children = (
				3E45F84B274B62A2001A55CA /* main.cpp */,
			);
			path = List_Iterator;
			sourceTree = "<group>";
		};
		3E45F855274B6413001A55CA /* Map_Iterator */ = {
			isa = PBXGroup;
			children = (
				3E45F856274B6413001A55CA /* main.cpp */,
			);
			path = Map_Iterator;
			sourceTree = "<group>";
		};
/* End PBXGroup section */

/* Begin PBXNativeTarget section */
		3E45F829274B5321001A55CA /* Topic5_ClassNotes_Mac */ = {
			isa = PBXNativeTarget;
			buildConfigurationList = 3E45F831274B5321001A55CA /* Build configuration list for PBXNativeTarget "Topic5_ClassNotes_Mac" */;
			buildPhases = (
				3E45F826274B5321001A55CA /* Sources */,
				3E45F827274B5321001A55CA /* Frameworks */,
				3E45F828274B5321001A55CA /* CopyFiles */,
			);
			buildRules = (
			);
			dependencies = (
			);
			name = Topic5_ClassNotes_Mac;
			productName = Topic5_ClassNotes_Mac;
			productReference = 3E45F82A274B5321001A55CA /* Topic5_ClassNotes_Mac */;
			productType = "com.apple.product-type.tool";
		};
		3E45F837274B5370001A55CA /* OptionPrice06 */ = {
			isa = PBXNativeTarget;
			buildConfigurationList = 3E45F83C274B5370001A55CA /* Build configuration list for PBXNativeTarget "OptionPrice06" */;
			buildPhases = (
				3E45F834274B5370001A55CA /* Sources */,
				3E45F835274B5370001A55CA /* Frameworks */,
				3E45F836274B5370001A55CA /* CopyFiles */,
			);
			buildRules = (
			);
			dependencies = (
			);
			name = OptionPrice06;
			productName = OptionPrice06;
			productReference = 3E45F838274B5370001A55CA /* OptionPrice06 */;
			productType = "com.apple.product-type.tool";
		};
		3E45F848274B62A2001A55CA /* iterator */ = {
			isa = PBXNativeTarget;
			buildConfigurationList = 3E45F84D274B62A2001A55CA /* Build configuration list for PBXNativeTarget "iterator" */;
			buildPhases = (
				3E45F845274B62A2001A55CA /* Sources */,
				3E45F846274B62A2001A55CA /* Frameworks */,
				3E45F847274B62A2001A55CA /* CopyFiles */,
			);
			buildRules = (
			);
			dependencies = (
			);
			name = iterator;
			productName = iterator;
			productReference = 3E45F849274B62A2001A55CA /* iterator */;
			productType = "com.apple.product-type.tool";
		};
		3E45F853274B6413001A55CA /* Map_Iterator */ = {
			isa = PBXNativeTarget;
			buildConfigurationList = 3E45F858274B6413001A55CA /* Build configuration list for PBXNativeTarget "Map_Iterator" */;
			buildPhases = (
				3E45F850274B6413001A55CA /* Sources */,
				3E45F851274B6413001A55CA /* Frameworks */,
				3E45F852274B6413001A55CA /* CopyFiles */,
			);
			buildRules = (
			);
			dependencies = (
			);
			name = Map_Iterator;
			productName = Map_Iterator;
			productReference = 3E45F854274B6413001A55CA /* Map_Iterator */;
			productType = "com.apple.product-type.tool";
		};
/* End PBXNativeTarget section */

/* Begin PBXProject section */
		3E45F822274B5321001A55CA /* Project object */ = {
			isa = PBXProject;
			attributes = {
				BuildIndependentTargetsInParallel = 1;
				LastUpgradeCheck = 1310;
				TargetAttributes = {
					3E45F829274B5321001A55CA = {
						CreatedOnToolsVersion = 13.1;
					};
					3E45F837274B5370001A55CA = {
						CreatedOnToolsVersion = 13.1;
					};
					3E45F848274B62A2001A55CA = {
						CreatedOnToolsVersion = 13.1;
					};
					3E45F853274B6413001A55CA = {
						CreatedOnToolsVersion = 13.1;
					};
				};
			};
			buildConfigurationList = 3E45F825274B5321001A55CA /* Build configuration list for PBXProject "Topic5_ClassNotes_Mac" */;
			compatibilityVersion = "Xcode 13.0";
			developmentRegion = en;
			hasScannedForEncodings = 0;
			knownRegions = (
				en,
				Base,
			);
			mainGroup = 3E45F821274B5321001A55CA;
			productRefGroup = 3E45F82B274B5321001A55CA /* Products */;
			projectDirPath = "";
			projectRoot = "";
			targets = (
				3E45F829274B5321001A55CA /* Topic5_ClassNotes_Mac */,
				3E45F837274B5370001A55CA /* OptionPrice06 */,
				3E45F848274B62A2001A55CA /* iterator */,
				3E45F853274B6413001A55CA /* Map_Iterator */,
			);
		};
/* End PBXProject section */

/* Begin PBXSourcesBuildPhase section */
		3E45F826274B5321001A55CA /* Sources */ = {
			isa = PBXSourcesBuildPhase;
			buildActionMask = 2147483647;
			files = (
			);
			runOnlyForDeploymentPostprocessing = 0;
		};
		3E45F834274B5370001A55CA /* Sources */ = {
			isa = PBXSourcesBuildPhase;
			buildActionMask = 2147483647;
			files = (
				3E45F841274B5392001A55CA /* BinomialTreeModel02.cpp in Sources */,
				3E45F83B274B5370001A55CA /* main.cpp in Sources */,
				3E45F844274B53BD001A55CA /* Option06.cpp in Sources */,
			);
			runOnlyForDeploymentPostprocessing = 0;
		};
		3E45F845274B62A2001A55CA /* Sources */ = {
			isa = PBXSourcesBuildPhase;
			buildActionMask = 2147483647;
			files = (
				3E45F84C274B62A2001A55CA /* main.cpp in Sources */,
			);
			runOnlyForDeploymentPostprocessing = 0;
		};
		3E45F850274B6413001A55CA /* Sources */ = {
			isa = PBXSourcesBuildPhase;
			buildActionMask = 2147483647;
			files = (
				3E45F857274B6413001A55CA /* main.cpp in Sources */,
			);
			runOnlyForDeploymentPostprocessing = 0;
		};
/* End PBXSourcesBuildPhase section */

/* Begin XCBuildConfiguration section */
		3E45F82F274B5321001A55CA /* Debug */ = {
			isa = XCBuildConfiguration;
			buildSettings = {
				ALWAYS_SEARCH_USER_PATHS = NO;
				CLANG_ANALYZER_NONNULL = YES;
				CLANG_ANALYZER_NUMBER_OBJECT_CONVERSION = YES_AGGRESSIVE;
				CLANG_CXX_LANGUAGE_STANDARD = "gnu++17";
				CLANG_CXX_LIBRARY = "libc++";
				CLANG_ENABLE_MODULES = YES;
				CLANG_ENABLE_OBJC_ARC = YES;
				CLANG_ENABLE_OBJC_WEAK = YES;
				CLANG_WARN_BLOCK_CAPTURE_AUTORELEASING = YES;
				CLANG_WARN_BOOL_CONVERSION = YES;
				CLANG_WARN_COMMA = YES;
				CLANG_WARN_CONSTANT_CONVERSION = YES;
				CLANG_WARN_DEPRECATED_OBJC_IMPLEMENTATIONS = YES;
				CLANG_WARN_DIRECT_OBJC_ISA_USAGE = YES_ERROR;
				CLANG_WARN_DOCUMENTATION_COMMENTS = YES;
				CLANG_WARN_EMPTY_BODY = YES;
				CLANG_WARN_ENUM_CONVERSION = YES;
				CLANG_WARN_INFINITE_RECURSION = YES;
				CLANG_WARN_INT_CONVERSION = YES;
				CLANG_WARN_NON_LITERAL_NULL_CONVERSION = YES;
				CLANG_WARN_OBJC_IMPLICIT_RETAIN_SELF = YES;
				CLANG_WARN_OBJC_LITERAL_CONVERSION = YES;
				CLANG_WARN_OBJC_ROOT_CLASS = YES_ERROR;
				CLANG_WARN_QUOTED_INCLUDE_IN_FRAMEWORK_HEADER = YES;
				CLANG_WARN_RANGE_LOOP_ANALYSIS = YES;
				CLANG_WARN_STRICT_PROTOTYPES = YES;
				CLANG_WARN_SUSPICIOUS_MOVE = YES;
				CLANG_WARN_UNGUARDED_AVAILABILITY = YES_AGGRESSIVE;
				CLANG_WARN_UNREACHABLE_CODE = YES;
				CLANG_WARN__DUPLICATE_METHOD_MATCH = YES;
				COPY_PHASE_STRIP = NO;
				DEBUG_INFORMATION_FORMAT = dwarf;
				ENABLE_STRICT_OBJC_MSGSEND = YES;
				ENABLE_TESTABILITY = YES;
				GCC_C_LANGUAGE_STANDARD = gnu11;
				GCC_DYNAMIC_NO_PIC = NO;
				GCC_NO_COMMON_BLOCKS = YES;
				GCC_OPTIMIZATION_LEVEL = 0;
				GCC_PREPROCESSOR_DEFINITIONS = (
					"DEBUG=1",
					"$(inherited)",
				);
				GCC_WARN_64_TO_32_BIT_CONVERSION = YES;
				GCC_WARN_ABOUT_RETURN_TYPE = YES_ERROR;
				GCC_WARN_UNDECLARED_SELECTOR = YES;
				GCC_WARN_UNINITIALIZED_AUTOS = YES_AGGRESSIVE;
				GCC_WARN_UNUSED_FUNCTION = YES;
				GCC_WARN_UNUSED_VARIABLE = YES;
				MACOSX_DEPLOYMENT_TARGET = 12.0;
				MTL_ENABLE_DEBUG_INFO = INCLUDE_SOURCE;
				MTL_FAST_MATH = YES;
				ONLY_ACTIVE_ARCH = YES;
				SDKROOT = macosx;
			};
			name = Debug;
		};
		3E45F830274B5321001A55CA /* Release */ = {
			isa = XCBuildConfiguration;
			buildSettings = {
				ALWAYS_SEARCH_USER_PATHS = NO;
				CLANG_ANALYZER_NONNULL = YES;
				CLANG_ANALYZER_NUMBER_OBJECT_CONVERSION = YES_AGGRESSIVE;
				CLANG_CXX_LANGUAGE_STANDARD = "gnu++17";
				CLANG_CXX_LIBRARY = "libc++";
				CLANG_ENABLE_MODULES = YES;
				CLANG_ENABLE_OBJC_ARC = YES;
				CLANG_ENABLE_OBJC_WEAK = YES;
				CLANG_WARN_BLOCK_CAPTURE_AUTORELEASING = YES;
				CLANG_WARN_BOOL_CONVERSION = YES;
				CLANG_WARN_COMMA = YES;
				CLANG_WARN_CONSTANT_CONVERSION = YES;
				CLANG_WARN_DEPRECATED_OBJC_IMPLEMENTATIONS = YES;
				CLANG_WARN_DIRECT_OBJC_ISA_USAGE = YES_ERROR;
				CLANG_WARN_DOCUMENTATION_COMMENTS = YES;
				CLANG_WARN_EMPTY_BODY = YES;
				CLANG_WARN_ENUM_CONVERSION = YES;
				CLANG_WARN_INFINITE_RECURSION = YES;
				CLANG_WARN_INT_CONVERSION = YES;
				CLANG_WARN_NON_LITERAL_NULL_CONVERSION = YES;
				CLANG_WARN_OBJC_IMPLICIT_RETAIN_SELF = YES;
				CLANG_WARN_OBJC_LITERAL_CONVERSION = YES;
				CLANG_WARN_OBJC_ROOT_CLASS = YES_ERROR;
				CLANG_WARN_QUOTED_INCLUDE_IN_FRAMEWORK_HEADER = YES;
				CLANG_WARN_RANGE_LOOP_ANALYSIS = YES;
				CLANG_WARN_STRICT_PROTOTYPES = YES;
				CLANG_WARN_SUSPICIOUS_MOVE = YES;
				CLANG_WARN_UNGUARDED_AVAILABILITY = YES_AGGRESSIVE;
				CLANG_WARN_UNREACHABLE_CODE = YES;
				CLANG_WARN__DUPLICATE_METHOD_MATCH = YES;
				COPY_PHASE_STRIP = NO;
				DEBUG_INFORMATION_FORMAT = "dwarf-with-dsym";
				ENABLE_NS_ASSERTIONS = NO;
				ENABLE_STRICT_OBJC_MSGSEND = YES;
				GCC_C_LANGUAGE_STANDARD = gnu11;
				GCC_NO_COMMON_BLOCKS = YES;
				GCC_WARN_64_TO_32_BIT_CONVERSION = YES;
				GCC_WARN_ABOUT_RETURN_TYPE = YES_ERROR;
				GCC_WARN_UNDECLARED_SELECTOR = YES;
				GCC_WARN_UNINITIALIZED_AUTOS = YES_AGGRESSIVE;
				GCC_WARN_UNUSED_FUNCTION = YES;
				GCC_WARN_UNUSED_VARIABLE = YES;
				MACOSX_DEPLOYMENT_TARGET = 12.0;
				MTL_ENABLE_DEBUG_INFO = NO;
				MTL_FAST_MATH = YES;
				SDKROOT = macosx;
			};
			name = Release;
		};
		3E45F832274B5321001A55CA /* Debug */ = {
			isa = XCBuildConfiguration;
			buildSettings = {
				CODE_SIGN_STYLE = Automatic;
				DEVELOPMENT_TEAM = WU4LAB7ZMR;
				ENABLE_HARDENED_RUNTIME = YES;
				PRODUCT_NAME = "$(TARGET_NAME)";
			};
			name = Debug;
		};
		3E45F833274B5321001A55CA /* Release */ = {
			isa = XCBuildConfiguration;
			buildSettings = {
				CODE_SIGN_STYLE = Automatic;
				DEVELOPMENT_TEAM = WU4LAB7ZMR;
				ENABLE_HARDENED_RUNTIME = YES;
				PRODUCT_NAME = "$(TARGET_NAME)";
			};
			name = Release;
		};
		3E45F83D274B5370001A55CA /* Debug */ = {
			isa = XCBuildConfiguration;
			buildSettings = {
				CODE_SIGN_STYLE = Automatic;
				DEVELOPMENT_TEAM = WU4LAB7ZMR;
				ENABLE_HARDENED_RUNTIME = YES;
				PRODUCT_NAME = "$(TARGET_NAME)";
			};
			name = Debug;
		};
		3E45F83E274B5370001A55CA /* Release */ = {
			isa = XCBuildConfiguration;
			buildSettings = {
				CODE_SIGN_STYLE = Automatic;
				DEVELOPMENT_TEAM = WU4LAB7ZMR;
				ENABLE_HARDENED_RUNTIME = YES;
				PRODUCT_NAME = "$(TARGET_NAME)";
			};
			name = Release;
		};
		3E45F84E274B62A2001A55CA /* Debug */ = {
			isa = XCBuildConfiguration;
			buildSettings = {
				CODE_SIGN_STYLE = Automatic;
				DEVELOPMENT_TEAM = WU4LAB7ZMR;
				ENABLE_HARDENED_RUNTIME = YES;
				PRODUCT_NAME = "$(TARGET_NAME)";
			};
			name = Debug;
		};
		3E45F84F274B62A2001A55CA /* Release */ = {
			isa = XCBuildConfiguration;
			buildSettings = {
				CODE_SIGN_STYLE = Automatic;
				DEVELOPMENT_TEAM = WU4LAB7ZMR;
				ENABLE_HARDENED_RUNTIME = YES;
				PRODUCT_NAME = "$(TARGET_NAME)";
			};
			name = Release;
		};
		3E45F859274B6413001A55CA /* Debug */ = {
			isa = XCBuildConfiguration;
			buildSettings = {
				CODE_SIGN_STYLE = Automatic;
				DEVELOPMENT_TEAM = WU4LAB7ZMR;
				ENABLE_HARDENED_RUNTIME = YES;
				PRODUCT_NAME = "$(TARGET_NAME)";
			};
			name = Debug;
		};
		3E45F85A274B6413001A55CA /* Release */ = {
			isa = XCBuildConfiguration;
			buildSettings = {
				CODE_SIGN_STYLE = Automatic;
				DEVELOPMENT_TEAM = WU4LAB7ZMR;
				ENABLE_HARDENED_RUNTIME = YES;
				PRODUCT_NAME = "$(TARGET_NAME)";
			};
			name = Release;
		};
/* End XCBuildConfiguration section */

/* Begin XCConfigurationList section */
		3E45F825274B5321001A55CA /* Build configuration list for PBXProject "Topic5_ClassNotes_Mac" */ = {
			isa = XCConfigurationList;
			buildConfigurations = (
				3E45F82F274B5321001A55CA /* Debug */,
				3E45F830274B5321001A55CA /* Release */,
			);
			defaultConfigurationIsVisible = 0;
			defaultConfigurationName = Release;
		};
		3E45F831274B5321001A55CA /* Build configuration list for PBXNativeTarget "Topic5_ClassNotes_Mac" */ = {
			isa = XCConfigurationList;
			buildConfigurations = (
				3E45F832274B5321001A55CA /* Debug */,
				3E45F833274B5321001A55CA /* Release */,
			);
			defaultConfigurationIsVisible = 0;
			defaultConfigurationName = Release;
		};
		3E45F83C274B5370001A55CA /* Build configuration list for PBXNativeTarget "OptionPrice06" */ = {
			isa = XCConfigurationList;
			buildConfigurations = (
				3E45F83D274B5370001A55CA /* Debug */,
				3E45F83E274B5370001A55CA /* Release */,
			);
			defaultConfigurationIsVisible = 0;
			defaultConfigurationName = Release;
		};
		3E45F84D274B62A2001A55CA /* Build configuration list for PBXNativeTarget "iterator" */ = {
			isa = XCConfigurationList;
			buildConfigurations = (
				3E45F84E274B62A2001A55CA /* Debug */,
				3E45F84F274B62A2001A55CA /* Release */,
			);
			defaultConfigurationIsVisible = 0;
			defaultConfigurationName = Release;
		};
		3E45F858274B6413001A55CA /* Build configuration list for PBXNativeTarget "Map_Iterator" */ = {
			isa = XCConfigurationList;
			buildConfigurations = (
				3E45F859274B6413001A55CA /* Debug */,
				3E45F85A274B6413001A55CA /* Release */,
			);
			defaultConfigurationIsVisible = 0;
			defaultConfigurationName = Release;
		};
/* End XCConfigurationList section */
	};
	rootObject = 3E45F822274B5321001A55CA /* Project object */;
}
