// !$*UTF8*$!
{
	archiveVersion = 1;
	classes = {
	};
	objectVersion = 55;
	objects = {

/* Begin PBXBuildFile section */
		3E45F7872749AAD1001A55CA /* main.cpp in Sources */ = {isa = PBXBuildFile; fileRef = 3E45F7862749AAD1001A55CA /* main.cpp */; };
		3E45F7922749B54A001A55CA /* main.cpp in Sources */ = {isa = PBXBuildFile; fileRef = 3E45F7912749B54A001A55CA /* main.cpp */; };
		3E45F79D2749BA8C001A55CA /* main.cpp in Sources */ = {isa = PBXBuildFile; fileRef = 3E45F79C2749BA8C001A55CA /* main.cpp */; };
		3E45F7A82749BCDD001A55CA /* main.cpp in Sources */ = {isa = PBXBuildFile; fileRef = 3E45F7A72749BCDD001A55CA /* main.cpp */; };
		3E45F7B32749BEFE001A55CA /* OptionPricer02.cpp in Sources */ = {isa = PBXBuildFile; fileRef = 3E45F7B22749BEFE001A55CA /* OptionPricer02.cpp */; };
		3E45F7B92749BF19001A55CA /* Options02.cpp in Sources */ = {isa = PBXBuildFile; fileRef = 3E45F7B72749BF19001A55CA /* Options02.cpp */; };
		3E45F7BC2749C0CB001A55CA /* BinomialTreeModel.cpp in Sources */ = {isa = PBXBuildFile; fileRef = 3E45F7BA2749C0CB001A55CA /* BinomialTreeModel.cpp */; };
/* End PBXBuildFile section */

/* Begin PBXCopyFilesBuildPhase section */
		3E45F7742749A6AA001A55CA /* CopyFiles */ = {
			isa = PBXCopyFilesBuildPhase;
			buildActionMask = 2147483647;
			dstPath = /usr/share/man/man1/;
			dstSubfolderSpec = 0;
			files = (
			);
			runOnlyForDeploymentPostprocessing = 1;
		};
		3E45F7822749AAD1001A55CA /* CopyFiles */ = {
			isa = PBXCopyFilesBuildPhase;
			buildActionMask = 2147483647;
			dstPath = /usr/share/man/man1/;
			dstSubfolderSpec = 0;
			files = (
			);
			runOnlyForDeploymentPostprocessing = 1;
		};
		3E45F78D2749B54A001A55CA /* CopyFiles */ = {
			isa = PBXCopyFilesBuildPhase;
			buildActionMask = 2147483647;
			dstPath = /usr/share/man/man1/;
			dstSubfolderSpec = 0;
			files = (
			);
			runOnlyForDeploymentPostprocessing = 1;
		};
		3E45F7982749BA8C001A55CA /* CopyFiles */ = {
			isa = PBXCopyFilesBuildPhase;
			buildActionMask = 2147483647;
			dstPath = /usr/share/man/man1/;
			dstSubfolderSpec = 0;
			files = (
			);
			runOnlyForDeploymentPostprocessing = 1;
		};
		3E45F7A32749BCDD001A55CA /* CopyFiles */ = {
			isa = PBXCopyFilesBuildPhase;
			buildActionMask = 2147483647;
			dstPath = /usr/share/man/man1/;
			dstSubfolderSpec = 0;
			files = (
			);
			runOnlyForDeploymentPostprocessing = 1;
		};
		3E45F7AE2749BEFE001A55CA /* CopyFiles */ = {
			isa = PBXCopyFilesBuildPhase;
			buildActionMask = 2147483647;
			dstPath = /usr/share/man/man1/;
			dstSubfolderSpec = 0;
			files = (
			);
			runOnlyForDeploymentPostprocessing = 1;
		};
/* End PBXCopyFilesBuildPhase section */

/* Begin PBXFileReference section */
		3E45F7762749A6AA001A55CA /* Topic2_ClassNotes_Mac */ = {isa = PBXFileReference; explicitFileType = "compiled.mach-o.executable"; includeInIndex = 0; path = Topic2_ClassNotes_Mac; sourceTree = BUILT_PRODUCTS_DIR; };
		3E45F7842749AAD1001A55CA /* pointer */ = {isa = PBXFileReference; explicitFileType = "compiled.mach-o.executable"; includeInIndex = 0; path = pointer; sourceTree = BUILT_PRODUCTS_DIR; };
		3E45F7862749AAD1001A55CA /* main.cpp */ = {isa = PBXFileReference; lastKnownFileType = sourcecode.cpp.cpp; path = main.cpp; sourceTree = "<group>"; };
		3E45F78F2749B54A001A55CA /* swap */ = {isa = PBXFileReference; explicitFileType = "compiled.mach-o.executable"; includeInIndex = 0; path = swap; sourceTree = BUILT_PRODUCTS_DIR; };
		3E45F7912749B54A001A55CA /* main.cpp */ = {isa = PBXFileReference; lastKnownFileType = sourcecode.cpp.cpp; path = main.cpp; sourceTree = "<group>"; };
		3E45F79A2749BA8C001A55CA /* DynamicAllocation */ = {isa = PBXFileReference; explicitFileType = "compiled.mach-o.executable"; includeInIndex = 0; path = DynamicAllocation; sourceTree = BUILT_PRODUCTS_DIR; };
		3E45F79C2749BA8C001A55CA /* main.cpp */ = {isa = PBXFileReference; lastKnownFileType = sourcecode.cpp.cpp; path = main.cpp; sourceTree = "<group>"; };
		3E45F7A52749BCDD001A55CA /* FunctionPointer */ = {isa = PBXFileReference; explicitFileType = "compiled.mach-o.executable"; includeInIndex = 0; path = FunctionPointer; sourceTree = BUILT_PRODUCTS_DIR; };
		3E45F7A72749BCDD001A55CA /* main.cpp */ = {isa = PBXFileReference; lastKnownFileType = sourcecode.cpp.cpp; path = main.cpp; sourceTree = "<group>"; };
		3E45F7B02749BEFE001A55CA /* OptionPricer02 */ = {isa = PBXFileReference; explicitFileType = "compiled.mach-o.executable"; includeInIndex = 0; path = OptionPricer02; sourceTree = BUILT_PRODUCTS_DIR; };
		3E45F7B22749BEFE001A55CA /* OptionPricer02.cpp */ = {isa = PBXFileReference; lastKnownFileType = sourcecode.cpp.cpp; path = OptionPricer02.cpp; sourceTree = "<group>"; };
		3E45F7B72749BF19001A55CA /* Options02.cpp */ = {isa = PBXFileReference; lastKnownFileType = sourcecode.cpp.cpp; path = Options02.cpp; sourceTree = "<group>"; };
		3E45F7B82749BF19001A55CA /* Options02.hpp */ = {isa = PBXFileReference; lastKnownFileType = sourcecode.cpp.h; path = Options02.hpp; sourceTree = "<group>"; };
		3E45F7BA2749C0CB001A55CA /* BinomialTreeModel.cpp */ = {isa = PBXFileReference; lastKnownFileType = sourcecode.cpp.cpp; path = BinomialTreeModel.cpp; sourceTree = "<group>"; };
		3E45F7BB2749C0CB001A55CA /* BinomialTreeModel.hpp */ = {isa = PBXFileReference; lastKnownFileType = sourcecode.cpp.h; path = BinomialTreeModel.hpp; sourceTree = "<group>"; };
/* End PBXFileReference section */

/* Begin PBXFrameworksBuildPhase section */
		3E45F7732749A6AA001A55CA /* Frameworks */ = {
			isa = PBXFrameworksBuildPhase;
			buildActionMask = 2147483647;
			files = (
			);
			runOnlyForDeploymentPostprocessing = 0;
		};
		3E45F7812749AAD1001A55CA /* Frameworks */ = {
			isa = PBXFrameworksBuildPhase;
			buildActionMask = 2147483647;
			files = (
			);
			runOnlyForDeploymentPostprocessing = 0;
		};
		3E45F78C2749B54A001A55CA /* Frameworks */ = {
			isa = PBXFrameworksBuildPhase;
			buildActionMask = 2147483647;
			files = (
			);
			runOnlyForDeploymentPostprocessing = 0;
		};
		3E45F7972749BA8C001A55CA /* Frameworks */ = {
			isa = PBXFrameworksBuildPhase;
			buildActionMask = 2147483647;
			files = (
			);
			runOnlyForDeploymentPostprocessing = 0;
		};
		3E45F7A22749BCDD001A55CA /* Frameworks */ = {
			isa = PBXFrameworksBuildPhase;
			buildActionMask = 2147483647;
			files = (
			);
			runOnlyForDeploymentPostprocessing = 0;
		};
		3E45F7AD2749BEFE001A55CA /* Frameworks */ = {
			isa = PBXFrameworksBuildPhase;
			buildActionMask = 2147483647;
			files = (
			);
			runOnlyForDeploymentPostprocessing = 0;
		};
/* End PBXFrameworksBuildPhase section */

/* Begin PBXGroup section */
		3E45F76D2749A6AA001A55CA = {
			isa = PBXGroup;
			children = (
				3E45F7852749AAD1001A55CA /* Pointer */,
				3E45F7902749B54A001A55CA /* Swap */,
				3E45F79B2749BA8C001A55CA /* DynamicAllocation */,
				3E45F7A62749BCDD001A55CA /* FunctionPointer */,
				3E45F7B12749BEFE001A55CA /* OptionPricer02 */,
				3E45F7772749A6AA001A55CA /* Products */,
			);
			sourceTree = "<group>";
		};
		3E45F7772749A6AA001A55CA /* Products */ = {
			isa = PBXGroup;
			children = (
				3E45F7762749A6AA001A55CA /* Topic2_ClassNotes_Mac */,
				3E45F7842749AAD1001A55CA /* pointer */,
				3E45F78F2749B54A001A55CA /* swap */,
				3E45F79A2749BA8C001A55CA /* DynamicAllocation */,
				3E45F7A52749BCDD001A55CA /* FunctionPointer */,
				3E45F7B02749BEFE001A55CA /* OptionPricer02 */,
			);
			name = Products;
			sourceTree = "<group>";
		};
		3E45F7852749AAD1001A55CA /* Pointer */ = {
			isa = PBXGroup;
			children = (
				3E45F7862749AAD1001A55CA /* main.cpp */,
			);
			path = Pointer;
			sourceTree = "<group>";
		};
		3E45F7902749B54A001A55CA /* Swap */ = {
			isa = PBXGroup;
			children = (
				3E45F7912749B54A001A55CA /* main.cpp */,
			);
			path = Swap;
			sourceTree = "<group>";
		};
		3E45F79B2749BA8C001A55CA /* DynamicAllocation */ = {
			isa = PBXGroup;
			children = (
				3E45F79C2749BA8C001A55CA /* main.cpp */,
			);
			path = DynamicAllocation;
			sourceTree = "<group>";
		};
		3E45F7A62749BCDD001A55CA /* FunctionPointer */ = {
			isa = PBXGroup;
			children = (
				3E45F7A72749BCDD001A55CA /* main.cpp */,
			);
			path = FunctionPointer;
			sourceTree = "<group>";
		};
		3E45F7B12749BEFE001A55CA /* OptionPricer02 */ = {
			isa = PBXGroup;
			children = (
				3E45F7B22749BEFE001A55CA /* OptionPricer02.cpp */,
				3E45F7B72749BF19001A55CA /* Options02.cpp */,
				3E45F7B82749BF19001A55CA /* Options02.hpp */,
				3E45F7BA2749C0CB001A55CA /* BinomialTreeModel.cpp */,
				3E45F7BB2749C0CB001A55CA /* BinomialTreeModel.hpp */,
			);
			path = OptionPricer02;
			sourceTree = "<group>";
		};
/* End PBXGroup section */

/* Begin PBXNativeTarget section */
		3E45F7752749A6AA001A55CA /* Topic2_ClassNotes_Mac */ = {
			isa = PBXNativeTarget;
			buildConfigurationList = 3E45F77D2749A6AA001A55CA /* Build configuration list for PBXNativeTarget "Topic2_ClassNotes_Mac" */;
			buildPhases = (
				3E45F7722749A6AA001A55CA /* Sources */,
				3E45F7732749A6AA001A55CA /* Frameworks */,
				3E45F7742749A6AA001A55CA /* CopyFiles */,
			);
			buildRules = (
			);
			dependencies = (
			);
			name = Topic2_ClassNotes_Mac;
			productName = Topic2_ClassNotes_Mac;
			productReference = 3E45F7762749A6AA001A55CA /* Topic2_ClassNotes_Mac */;
			productType = "com.apple.product-type.tool";
		};
		3E45F7832749AAD1001A55CA /* pointer */ = {
			isa = PBXNativeTarget;
			buildConfigurationList = 3E45F7882749AAD1001A55CA /* Build configuration list for PBXNativeTarget "pointer" */;
			buildPhases = (
				3E45F7802749AAD1001A55CA /* Sources */,
				3E45F7812749AAD1001A55CA /* Frameworks */,
				3E45F7822749AAD1001A55CA /* CopyFiles */,
			);
			buildRules = (
			);
			dependencies = (
			);
			name = pointer;
			productName = pointer;
			productReference = 3E45F7842749AAD1001A55CA /* pointer */;
			productType = "com.apple.product-type.tool";
		};
		3E45F78E2749B54A001A55CA /* swap */ = {
			isa = PBXNativeTarget;
			buildConfigurationList = 3E45F7932749B54A001A55CA /* Build configuration list for PBXNativeTarget "swap" */;
			buildPhases = (
				3E45F78B2749B54A001A55CA /* Sources */,
				3E45F78C2749B54A001A55CA /* Frameworks */,
				3E45F78D2749B54A001A55CA /* CopyFiles */,
			);
			buildRules = (
			);
			dependencies = (
			);
			name = swap;
			productName = swap;
			productReference = 3E45F78F2749B54A001A55CA /* swap */;
			productType = "com.apple.product-type.tool";
		};
		3E45F7992749BA8C001A55CA /* DynamicAllocation */ = {
			isa = PBXNativeTarget;
			buildConfigurationList = 3E45F79E2749BA8C001A55CA /* Build configuration list for PBXNativeTarget "DynamicAllocation" */;
			buildPhases = (
				3E45F7962749BA8C001A55CA /* Sources */,
				3E45F7972749BA8C001A55CA /* Frameworks */,
				3E45F7982749BA8C001A55CA /* CopyFiles */,
			);
			buildRules = (
			);
			dependencies = (
			);
			name = DynamicAllocation;
			productName = DynamicAllocation;
			productReference = 3E45F79A2749BA8C001A55CA /* DynamicAllocation */;
			productType = "com.apple.product-type.tool";
		};
		3E45F7A42749BCDD001A55CA /* FunctionPointer */ = {
			isa = PBXNativeTarget;
			buildConfigurationList = 3E45F7A92749BCDD001A55CA /* Build configuration list for PBXNativeTarget "FunctionPointer" */;
			buildPhases = (
				3E45F7A12749BCDD001A55CA /* Sources */,
				3E45F7A22749BCDD001A55CA /* Frameworks */,
				3E45F7A32749BCDD001A55CA /* CopyFiles */,
			);
			buildRules = (
			);
			dependencies = (
			);
			name = FunctionPointer;
			productName = FunctionPointer;
			productReference = 3E45F7A52749BCDD001A55CA /* FunctionPointer */;
			productType = "com.apple.product-type.tool";
		};
		3E45F7AF2749BEFE001A55CA /* OptionPricer02 */ = {
			isa = PBXNativeTarget;
			buildConfigurationList = 3E45F7B42749BEFE001A55CA /* Build configuration list for PBXNativeTarget "OptionPricer02" */;
			buildPhases = (
				3E45F7AC2749BEFE001A55CA /* Sources */,
				3E45F7AD2749BEFE001A55CA /* Frameworks */,
				3E45F7AE2749BEFE001A55CA /* CopyFiles */,
			);
			buildRules = (
			);
			dependencies = (
			);
			name = OptionPricer02;
			productName = OptionPricer02;
			productReference = 3E45F7B02749BEFE001A55CA /* OptionPricer02 */;
			productType = "com.apple.product-type.tool";
		};
/* End PBXNativeTarget section */

/* Begin PBXProject section */
		3E45F76E2749A6AA001A55CA /* Project object */ = {
			isa = PBXProject;
			attributes = {
				BuildIndependentTargetsInParallel = 1;
				LastUpgradeCheck = 1310;
				TargetAttributes = {
					3E45F7752749A6AA001A55CA = {
						CreatedOnToolsVersion = 13.1;
					};
					3E45F7832749AAD1001A55CA = {
						CreatedOnToolsVersion = 13.1;
					};
					3E45F78E2749B54A001A55CA = {
						CreatedOnToolsVersion = 13.1;
					};
					3E45F7992749BA8C001A55CA = {
						CreatedOnToolsVersion = 13.1;
					};
					3E45F7A42749BCDD001A55CA = {
						CreatedOnToolsVersion = 13.1;
					};
					3E45F7AF2749BEFE001A55CA = {
						CreatedOnToolsVersion = 13.1;
					};
				};
			};
			buildConfigurationList = 3E45F7712749A6AA001A55CA /* Build configuration list for PBXProject "Topic2_ClassNotes_Mac" */;
			compatibilityVersion = "Xcode 13.0";
			developmentRegion = en;
			hasScannedForEncodings = 0;
			knownRegions = (
				en,
				Base,
			);
			mainGroup = 3E45F76D2749A6AA001A55CA;
			productRefGroup = 3E45F7772749A6AA001A55CA /* Products */;
			projectDirPath = "";
			projectRoot = "";
			targets = (
				3E45F7752749A6AA001A55CA /* Topic2_ClassNotes_Mac */,
				3E45F7832749AAD1001A55CA /* pointer */,
				3E45F78E2749B54A001A55CA /* swap */,
				3E45F7992749BA8C001A55CA /* DynamicAllocation */,
				3E45F7A42749BCDD001A55CA /* FunctionPointer */,
				3E45F7AF2749BEFE001A55CA /* OptionPricer02 */,
			);
		};
/* End PBXProject section */

/* Begin PBXSourcesBuildPhase section */
		3E45F7722749A6AA001A55CA /* Sources */ = {
			isa = PBXSourcesBuildPhase;
			buildActionMask = 2147483647;
			files = (
			);
			runOnlyForDeploymentPostprocessing = 0;
		};
		3E45F7802749AAD1001A55CA /* Sources */ = {
			isa = PBXSourcesBuildPhase;
			buildActionMask = 2147483647;
			files = (
				3E45F7872749AAD1001A55CA /* main.cpp in Sources */,
			);
			runOnlyForDeploymentPostprocessing = 0;
		};
		3E45F78B2749B54A001A55CA /* Sources */ = {
			isa = PBXSourcesBuildPhase;
			buildActionMask = 2147483647;
			files = (
				3E45F7922749B54A001A55CA /* main.cpp in Sources */,
			);
			runOnlyForDeploymentPostprocessing = 0;
		};
		3E45F7962749BA8C001A55CA /* Sources */ = {
			isa = PBXSourcesBuildPhase;
			buildActionMask = 2147483647;
			files = (
				3E45F79D2749BA8C001A55CA /* main.cpp in Sources */,
			);
			runOnlyForDeploymentPostprocessing = 0;
		};
		3E45F7A12749BCDD001A55CA /* Sources */ = {
			isa = PBXSourcesBuildPhase;
			buildActionMask = 2147483647;
			files = (
				3E45F7A82749BCDD001A55CA /* main.cpp in Sources */,
			);
			runOnlyForDeploymentPostprocessing = 0;
		};
		3E45F7AC2749BEFE001A55CA /* Sources */ = {
			isa = PBXSourcesBuildPhase;
			buildActionMask = 2147483647;
			files = (
				3E45F7B92749BF19001A55CA /* Options02.cpp in Sources */,
				3E45F7BC2749C0CB001A55CA /* BinomialTreeModel.cpp in Sources */,
				3E45F7B32749BEFE001A55CA /* OptionPricer02.cpp in Sources */,
			);
			runOnlyForDeploymentPostprocessing = 0;
		};
/* End PBXSourcesBuildPhase section */

/* Begin XCBuildConfiguration section */
		3E45F77B2749A6AA001A55CA /* Debug */ = {
			isa = XCBuildConfiguration;
			buildSettings = {
				ALWAYS_SEARCH_USER_PATHS = NO;
				CLANG_ANALYZER_NONNULL = YES;
				CLANG_ANALYZER_NUMBER_OBJECT_CONVERSION = YES_AGGRESSIVE;
				CLANG_CXX_LANGUAGE_STANDARD = "gnu++17";
				CLANG_CXX_LIBRARY = "libc++";
				CLANG_ENABLE_MODULES = YES;
				CLANG_ENABLE_OBJC_ARC = YES;
				CLANG_ENABLE_OBJC_WEAK = YES;
				CLANG_WARN_BLOCK_CAPTURE_AUTORELEASING = YES;
				CLANG_WARN_BOOL_CONVERSION = YES;
				CLANG_WARN_COMMA = YES;
				CLANG_WARN_CONSTANT_CONVERSION = YES;
				CLANG_WARN_DEPRECATED_OBJC_IMPLEMENTATIONS = YES;
				CLANG_WARN_DIRECT_OBJC_ISA_USAGE = YES_ERROR;
				CLANG_WARN_DOCUMENTATION_COMMENTS = YES;
				CLANG_WARN_EMPTY_BODY = YES;
				CLANG_WARN_ENUM_CONVERSION = YES;
				CLANG_WARN_INFINITE_RECURSION = YES;
				CLANG_WARN_INT_CONVERSION = YES;
				CLANG_WARN_NON_LITERAL_NULL_CONVERSION = YES;
				CLANG_WARN_OBJC_IMPLICIT_RETAIN_SELF = YES;
				CLANG_WARN_OBJC_LITERAL_CONVERSION = YES;
				CLANG_WARN_OBJC_ROOT_CLASS = YES_ERROR;
				CLANG_WARN_QUOTED_INCLUDE_IN_FRAMEWORK_HEADER = YES;
				CLANG_WARN_RANGE_LOOP_ANALYSIS = YES;
				CLANG_WARN_STRICT_PROTOTYPES = YES;
				CLANG_WARN_SUSPICIOUS_MOVE = YES;
				CLANG_WARN_UNGUARDED_AVAILABILITY = YES_AGGRESSIVE;
				CLANG_WARN_UNREACHABLE_CODE = YES;
				CLANG_WARN__DUPLICATE_METHOD_MATCH = YES;
				COPY_PHASE_STRIP = NO;
				DEBUG_INFORMATION_FORMAT = dwarf;
				ENABLE_STRICT_OBJC_MSGSEND = YES;
				ENABLE_TESTABILITY = YES;
				GCC_C_LANGUAGE_STANDARD = gnu11;
				GCC_DYNAMIC_NO_PIC = NO;
				GCC_NO_COMMON_BLOCKS = YES;
				GCC_OPTIMIZATION_LEVEL = 0;
				GCC_PREPROCESSOR_DEFINITIONS = (
					"DEBUG=1",
					"$(inherited)",
				);
				GCC_WARN_64_TO_32_BIT_CONVERSION = YES;
				GCC_WARN_ABOUT_RETURN_TYPE = YES_ERROR;
				GCC_WARN_UNDECLARED_SELECTOR = YES;
				GCC_WARN_UNINITIALIZED_AUTOS = YES_AGGRESSIVE;
				GCC_WARN_UNUSED_FUNCTION = YES;
				GCC_WARN_UNUSED_VARIABLE = YES;
				MACOSX_DEPLOYMENT_TARGET = 12.0;
				MTL_ENABLE_DEBUG_INFO = INCLUDE_SOURCE;
				MTL_FAST_MATH = YES;
				ONLY_ACTIVE_ARCH = YES;
				SDKROOT = macosx;
			};
			name = Debug;
		};
		3E45F77C2749A6AA001A55CA /* Release */ = {
			isa = XCBuildConfiguration;
			buildSettings = {
				ALWAYS_SEARCH_USER_PATHS = NO;
				CLANG_ANALYZER_NONNULL = YES;
				CLANG_ANALYZER_NUMBER_OBJECT_CONVERSION = YES_AGGRESSIVE;
				CLANG_CXX_LANGUAGE_STANDARD = "gnu++17";
				CLANG_CXX_LIBRARY = "libc++";
				CLANG_ENABLE_MODULES = YES;
				CLANG_ENABLE_OBJC_ARC = YES;
				CLANG_ENABLE_OBJC_WEAK = YES;
				CLANG_WARN_BLOCK_CAPTURE_AUTORELEASING = YES;
				CLANG_WARN_BOOL_CONVERSION = YES;
				CLANG_WARN_COMMA = YES;
				CLANG_WARN_CONSTANT_CONVERSION = YES;
				CLANG_WARN_DEPRECATED_OBJC_IMPLEMENTATIONS = YES;
				CLANG_WARN_DIRECT_OBJC_ISA_USAGE = YES_ERROR;
				CLANG_WARN_DOCUMENTATION_COMMENTS = YES;
				CLANG_WARN_EMPTY_BODY = YES;
				CLANG_WARN_ENUM_CONVERSION = YES;
				CLANG_WARN_INFINITE_RECURSION = YES;
				CLANG_WARN_INT_CONVERSION = YES;
				CLANG_WARN_NON_LITERAL_NULL_CONVERSION = YES;
				CLANG_WARN_OBJC_IMPLICIT_RETAIN_SELF = YES;
				CLANG_WARN_OBJC_LITERAL_CONVERSION = YES;
				CLANG_WARN_OBJC_ROOT_CLASS = YES_ERROR;
				CLANG_WARN_QUOTED_INCLUDE_IN_FRAMEWORK_HEADER = YES;
				CLANG_WARN_RANGE_LOOP_ANALYSIS = YES;
				CLANG_WARN_STRICT_PROTOTYPES = YES;
				CLANG_WARN_SUSPICIOUS_MOVE = YES;
				CLANG_WARN_UNGUARDED_AVAILABILITY = YES_AGGRESSIVE;
				CLANG_WARN_UNREACHABLE_CODE = YES;
				CLANG_WARN__DUPLICATE_METHOD_MATCH = YES;
				COPY_PHASE_STRIP = NO;
				DEBUG_INFORMATION_FORMAT = "dwarf-with-dsym";
				ENABLE_NS_ASSERTIONS = NO;
				ENABLE_STRICT_OBJC_MSGSEND = YES;
				GCC_C_LANGUAGE_STANDARD = gnu11;
				GCC_NO_COMMON_BLOCKS = YES;
				GCC_WARN_64_TO_32_BIT_CONVERSION = YES;
				GCC_WARN_ABOUT_RETURN_TYPE = YES_ERROR;
				GCC_WARN_UNDECLARED_SELECTOR = YES;
				GCC_WARN_UNINITIALIZED_AUTOS = YES_AGGRESSIVE;
				GCC_WARN_UNUSED_FUNCTION = YES;
				GCC_WARN_UNUSED_VARIABLE = YES;
				MACOSX_DEPLOYMENT_TARGET = 12.0;
				MTL_ENABLE_DEBUG_INFO = NO;
				MTL_FAST_MATH = YES;
				SDKROOT = macosx;
			};
			name = Release;
		};
		3E45F77E2749A6AA001A55CA /* Debug */ = {
			isa = XCBuildConfiguration;
			buildSettings = {
				CODE_SIGN_STYLE = Automatic;
				DEVELOPMENT_TEAM = WU4LAB7ZMR;
				ENABLE_HARDENED_RUNTIME = YES;
				PRODUCT_NAME = "$(TARGET_NAME)";
			};
			name = Debug;
		};
		3E45F77F2749A6AA001A55CA /* Release */ = {
			isa = XCBuildConfiguration;
			buildSettings = {
				CODE_SIGN_STYLE = Automatic;
				DEVELOPMENT_TEAM = WU4LAB7ZMR;
				ENABLE_HARDENED_RUNTIME = YES;
				PRODUCT_NAME = "$(TARGET_NAME)";
			};
			name = Release;
		};
		3E45F7892749AAD1001A55CA /* Debug */ = {
			isa = XCBuildConfiguration;
			buildSettings = {
				CODE_SIGN_STYLE = Automatic;
				DEVELOPMENT_TEAM = WU4LAB7ZMR;
				ENABLE_HARDENED_RUNTIME = YES;
				PRODUCT_NAME = "$(TARGET_NAME)";
			};
			name = Debug;
		};
		3E45F78A2749AAD1001A55CA /* Release */ = {
			isa = XCBuildConfiguration;
			buildSettings = {
				CODE_SIGN_STYLE = Automatic;
				DEVELOPMENT_TEAM = WU4LAB7ZMR;
				ENABLE_HARDENED_RUNTIME = YES;
				PRODUCT_NAME = "$(TARGET_NAME)";
			};
			name = Release;
		};
		3E45F7942749B54A001A55CA /* Debug */ = {
			isa = XCBuildConfiguration;
			buildSettings = {
				CODE_SIGN_STYLE = Automatic;
				DEVELOPMENT_TEAM = WU4LAB7ZMR;
				ENABLE_HARDENED_RUNTIME = YES;
				PRODUCT_NAME = "$(TARGET_NAME)";
			};
			name = Debug;
		};
		3E45F7952749B54A001A55CA /* Release */ = {
			isa = XCBuildConfiguration;
			buildSettings = {
				CODE_SIGN_STYLE = Automatic;
				DEVELOPMENT_TEAM = WU4LAB7ZMR;
				ENABLE_HARDENED_RUNTIME = YES;
				PRODUCT_NAME = "$(TARGET_NAME)";
			};
			name = Release;
		};
		3E45F79F2749BA8C001A55CA /* Debug */ = {
			isa = XCBuildConfiguration;
			buildSettings = {
				CODE_SIGN_STYLE = Automatic;
				DEVELOPMENT_TEAM = WU4LAB7ZMR;
				ENABLE_HARDENED_RUNTIME = YES;
				PRODUCT_NAME = "$(TARGET_NAME)";
			};
			name = Debug;
		};
		3E45F7A02749BA8C001A55CA /* Release */ = {
			isa = XCBuildConfiguration;
			buildSettings = {
				CODE_SIGN_STYLE = Automatic;
				DEVELOPMENT_TEAM = WU4LAB7ZMR;
				ENABLE_HARDENED_RUNTIME = YES;
				PRODUCT_NAME = "$(TARGET_NAME)";
			};
			name = Release;
		};
		3E45F7AA2749BCDD001A55CA /* Debug */ = {
			isa = XCBuildConfiguration;
			buildSettings = {
				CODE_SIGN_STYLE = Automatic;
				DEVELOPMENT_TEAM = WU4LAB7ZMR;
				ENABLE_HARDENED_RUNTIME = YES;
				PRODUCT_NAME = "$(TARGET_NAME)";
			};
			name = Debug;
		};
		3E45F7AB2749BCDD001A55CA /* Release */ = {
			isa = XCBuildConfiguration;
			buildSettings = {
				CODE_SIGN_STYLE = Automatic;
				DEVELOPMENT_TEAM = WU4LAB7ZMR;
				ENABLE_HARDENED_RUNTIME = YES;
				PRODUCT_NAME = "$(TARGET_NAME)";
			};
			name = Release;
		};
		3E45F7B52749BEFE001A55CA /* Debug */ = {
			isa = XCBuildConfiguration;
			buildSettings = {
				CODE_SIGN_STYLE = Automatic;
				DEVELOPMENT_TEAM = WU4LAB7ZMR;
				ENABLE_HARDENED_RUNTIME = YES;
				PRODUCT_NAME = "$(TARGET_NAME)";
			};
			name = Debug;
		};
		3E45F7B62749BEFE001A55CA /* Release */ = {
			isa = XCBuildConfiguration;
			buildSettings = {
				CODE_SIGN_STYLE = Automatic;
				DEVELOPMENT_TEAM = WU4LAB7ZMR;
				ENABLE_HARDENED_RUNTIME = YES;
				PRODUCT_NAME = "$(TARGET_NAME)";
			};
			name = Release;
		};
/* End XCBuildConfiguration section */

/* Begin XCConfigurationList section */
		3E45F7712749A6AA001A55CA /* Build configuration list for PBXProject "Topic2_ClassNotes_Mac" */ = {
			isa = XCConfigurationList;
			buildConfigurations = (
				3E45F77B2749A6AA001A55CA /* Debug */,
				3E45F77C2749A6AA001A55CA /* Release */,
			);
			defaultConfigurationIsVisible = 0;
			defaultConfigurationName = Release;
		};
		3E45F77D2749A6AA001A55CA /* Build configuration list for PBXNativeTarget "Topic2_ClassNotes_Mac" */ = {
			isa = XCConfigurationList;
			buildConfigurations = (
				3E45F77E2749A6AA001A55CA /* Debug */,
				3E45F77F2749A6AA001A55CA /* Release */,
			);
			defaultConfigurationIsVisible = 0;
			defaultConfigurationName = Release;
		};
		3E45F7882749AAD1001A55CA /* Build configuration list for PBXNativeTarget "pointer" */ = {
			isa = XCConfigurationList;
			buildConfigurations = (
				3E45F7892749AAD1001A55CA /* Debug */,
				3E45F78A2749AAD1001A55CA /* Release */,
			);
			defaultConfigurationIsVisible = 0;
			defaultConfigurationName = Release;
		};
		3E45F7932749B54A001A55CA /* Build configuration list for PBXNativeTarget "swap" */ = {
			isa = XCConfigurationList;
			buildConfigurations = (
				3E45F7942749B54A001A55CA /* Debug */,
				3E45F7952749B54A001A55CA /* Release */,
			);
			defaultConfigurationIsVisible = 0;
			defaultConfigurationName = Release;
		};
		3E45F79E2749BA8C001A55CA /* Build configuration list for PBXNativeTarget "DynamicAllocation" */ = {
			isa = XCConfigurationList;
			buildConfigurations = (
				3E45F79F2749BA8C001A55CA /* Debug */,
				3E45F7A02749BA8C001A55CA /* Release */,
			);
			defaultConfigurationIsVisible = 0;
			defaultConfigurationName = Release;
		};
		3E45F7A92749BCDD001A55CA /* Build configuration list for PBXNativeTarget "FunctionPointer" */ = {
			isa = XCConfigurationList;
			buildConfigurations = (
				3E45F7AA2749BCDD001A55CA /* Debug */,
				3E45F7AB2749BCDD001A55CA /* Release */,
			);
			defaultConfigurationIsVisible = 0;
			defaultConfigurationName = Release;
		};
		3E45F7B42749BEFE001A55CA /* Build configuration list for PBXNativeTarget "OptionPricer02" */ = {
			isa = XCConfigurationList;
			buildConfigurations = (
				3E45F7B52749BEFE001A55CA /* Debug */,
				3E45F7B62749BEFE001A55CA /* Release */,
			);
			defaultConfigurationIsVisible = 0;
			defaultConfigurationName = Release;
		};
/* End XCConfigurationList section */
	};
	rootObject = 3E45F76E2749A6AA001A55CA /* Project object */;
}
